
Microsoft Visual Studio Solution File, Format Version 12.00
# Visual Studio 15
VisualStudioVersion = 15.0.28307.1169
MinimumVisualStudioVersion = 10.0.40219.1
Project("{FAE04EC0-301F-11D3-BF4B-00C04F79EFBC}") = "QLBH_BANDIENTHOAI", "QLBH_BANDIENTHOAI\QLBH_BANDIENTHOAI.csproj", "{89167855-069E-4643-AD71-2126C8AA3D9F}"
EndProject
Global
	GlobalSection(SolutionConfigurationPlatforms) = preSolution
		Debug|Any CPU = Debug|Any CPU
		Release|Any CPU = Release|Any CPU
	EndGlobalSection
	GlobalSection(ProjectConfigurationPlatforms) = postSolution
		{89167855-069E-4643-AD71-2126C8AA3D9F}.Debug|Any CPU.ActiveCfg = Debug|Any CPU
		{89167855-069E-4643-AD71-2126C8AA3D9F}.Debug|Any CPU.Build.0 = Debug|Any CPU
		{89167855-069E-4643-AD71-2126C8AA3D9F}.Release|Any CPU.ActiveCfg = Release|Any CPU
		{89167855-069E-4643-AD71-2126C8AA3D9F}.Release|Any CPU.Build.0 = Release|Any CPU
	EndGlobalSection
	GlobalSection(SolutionProperties) = preSolution
		HideSolutionNode = FALSE
	EndGlobalSection
	GlobalSection(ExtensibilityGlobals) = postSolution
		SolutionGuid = {1356C6E7-CED7-4C36-AB06-C0B927A9A9AC}
	EndGlobalSection
EndGlobal
